
Microsoft Visual Studio Solution File, Format Version 12.00
# Visual Studio Version 17
VisualStudioVersion = 17.9.34622.214
MinimumVisualStudioVersion = 10.0.40219.1
Project("{FAE04EC0-301F-11D3-BF4B-00C04F79EFBC}") = "Empleadox", "Empleadox\Empleadox.csproj", "{D0F14E86-0241-43C6-8031-43A8C18C3935}"
EndProject
Global
	GlobalSection(SolutionConfigurationPlatforms) = preSolution
		Debug|Any CPU = Debug|Any CPU
		Release|Any CPU = Release|Any CPU
	EndGlobalSection
	GlobalSection(ProjectConfigurationPlatforms) = postSolution
		{D0F14E86-0241-43C6-8031-43A8C18C3935}.Debug|Any CPU.ActiveCfg = Debug|Any CPU
		{D0F14E86-0241-43C6-8031-43A8C18C3935}.Debug|Any CPU.Build.0 = Debug|Any CPU
		{D0F14E86-0241-43C6-8031-43A8C18C3935}.Release|Any CPU.ActiveCfg = Release|Any CPU
		{D0F14E86-0241-43C6-8031-43A8C18C3935}.Release|Any CPU.Build.0 = Release|Any CPU
	EndGlobalSection
	GlobalSection(SolutionProperties) = preSolution
		HideSolutionNode = FALSE
	EndGlobalSection
	GlobalSection(ExtensibilityGlobals) = postSolution
		SolutionGuid = {324BCCEA-209A-4E74-A06D-3B05610A1105}
	EndGlobalSection
EndGlobal
